// !$*UTF8*$!
{
	archiveVersion = 1;
	classes = {
	};
	objectVersion = 55;
	objects = {

/* Begin PBXBuildFile section */
		ECAC260EE46457F3FB0AEE8D /* Pods_FirebaseStudy.framework in Frameworks */ = {isa = PBXBuildFile; fileRef = 249745BCA4EFD64CD68F01AD /* Pods_FirebaseStudy.framework */; };
		F143AFFE293ECFDC00F1C86E /* TabBarController.swift in Sources */ = {isa = PBXBuildFile; fileRef = F143AFFD293ECFDC00F1C86E /* TabBarController.swift */; };
		F143B000293ED10700F1C86E /* RealtimeDBViewController.swift in Sources */ = {isa = PBXBuildFile; fileRef = F143AFFF293ED10700F1C86E /* RealtimeDBViewController.swift */; };
		F143B003293ED8D300F1C86E /* FirebaseDatabase in Frameworks */ = {isa = PBXBuildFile; productRef = F143B002293ED8D300F1C86E /* FirebaseDatabase */; };
		F1A525DD293EB62C009C719A /* FirebaseAnalytics in Frameworks */ = {isa = PBXBuildFile; productRef = F1A525DC293EB62C009C719A /* FirebaseAnalytics */; };
		F1A525DF293EB62C009C719A /* FirebaseAuth in Frameworks */ = {isa = PBXBuildFile; productRef = F1A525DE293EB62C009C719A /* FirebaseAuth */; };
		F1A525E1293EB62C009C719A /* FirebaseStorage in Frameworks */ = {isa = PBXBuildFile; productRef = F1A525E0293EB62C009C719A /* FirebaseStorage */; };
		F1B217C0293DC80E00295129 /* AppDelegate.swift in Sources */ = {isa = PBXBuildFile; fileRef = F1B217BF293DC80E00295129 /* AppDelegate.swift */; };
		F1B217C2293DC80E00295129 /* SceneDelegate.swift in Sources */ = {isa = PBXBuildFile; fileRef = F1B217C1293DC80E00295129 /* SceneDelegate.swift */; };
		F1B217C4293DC80E00295129 /* ViewController.swift in Sources */ = {isa = PBXBuildFile; fileRef = F1B217C3293DC80E00295129 /* ViewController.swift */; };
		F1B217C7293DC80E00295129 /* Main.storyboard in Resources */ = {isa = PBXBuildFile; fileRef = F1B217C5293DC80E00295129 /* Main.storyboard */; };
		F1B217C9293DC81100295129 /* Assets.xcassets in Resources */ = {isa = PBXBuildFile; fileRef = F1B217C8293DC81100295129 /* Assets.xcassets */; };
		F1B217CC293DC81100295129 /* LaunchScreen.storyboard in Resources */ = {isa = PBXBuildFile; fileRef = F1B217CA293DC81100295129 /* LaunchScreen.storyboard */; };
		F1B217D4293DCC8000295129 /* GoogleService-Info.plist in Resources */ = {isa = PBXBuildFile; fileRef = F1B217D3293DCC8000295129 /* GoogleService-Info.plist */; };
/* End PBXBuildFile section */

/* Begin PBXFileReference section */
		249745BCA4EFD64CD68F01AD /* Pods_FirebaseStudy.framework */ = {isa = PBXFileReference; explicitFileType = wrapper.framework; includeInIndex = 0; path = Pods_FirebaseStudy.framework; sourceTree = BUILT_PRODUCTS_DIR; };
		6D08E8D36F3B9200CD000ABD /* Pods-FirebaseStudy.debug.xcconfig */ = {isa = PBXFileReference; includeInIndex = 1; lastKnownFileType = text.xcconfig; name = "Pods-FirebaseStudy.debug.xcconfig"; path = "Target Support Files/Pods-FirebaseStudy/Pods-FirebaseStudy.debug.xcconfig"; sourceTree = "<group>"; };
		E133020480BCDF3DAE9B4392 /* Pods-FirebaseStudy.release.xcconfig */ = {isa = PBXFileReference; includeInIndex = 1; lastKnownFileType = text.xcconfig; name = "Pods-FirebaseStudy.release.xcconfig"; path = "Target Support Files/Pods-FirebaseStudy/Pods-FirebaseStudy.release.xcconfig"; sourceTree = "<group>"; };
		F143AFFD293ECFDC00F1C86E /* TabBarController.swift */ = {isa = PBXFileReference; lastKnownFileType = sourcecode.swift; path = TabBarController.swift; sourceTree = "<group>"; };
		F143AFFF293ED10700F1C86E /* RealtimeDBViewController.swift */ = {isa = PBXFileReference; lastKnownFileType = sourcecode.swift; path = RealtimeDBViewController.swift; sourceTree = "<group>"; };
		F1B217BC293DC80E00295129 /* FirebaseStudy.app */ = {isa = PBXFileReference; explicitFileType = wrapper.application; includeInIndex = 0; path = FirebaseStudy.app; sourceTree = BUILT_PRODUCTS_DIR; };
		F1B217BF293DC80E00295129 /* AppDelegate.swift */ = {isa = PBXFileReference; lastKnownFileType = sourcecode.swift; path = AppDelegate.swift; sourceTree = "<group>"; };
		F1B217C1293DC80E00295129 /* SceneDelegate.swift */ = {isa = PBXFileReference; lastKnownFileType = sourcecode.swift; path = SceneDelegate.swift; sourceTree = "<group>"; };
		F1B217C3293DC80E00295129 /* ViewController.swift */ = {isa = PBXFileReference; lastKnownFileType = sourcecode.swift; path = ViewController.swift; sourceTree = "<group>"; };
		F1B217C6293DC80E00295129 /* Base */ = {isa = PBXFileReference; lastKnownFileType = file.storyboard; name = Base; path = Base.lproj/Main.storyboard; sourceTree = "<group>"; };
		F1B217C8293DC81100295129 /* Assets.xcassets */ = {isa = PBXFileReference; lastKnownFileType = folder.assetcatalog; path = Assets.xcassets; sourceTree = "<group>"; };
		F1B217CB293DC81100295129 /* Base */ = {isa = PBXFileReference; lastKnownFileType = file.storyboard; name = Base; path = Base.lproj/LaunchScreen.storyboard; sourceTree = "<group>"; };
		F1B217CD293DC81100295129 /* Info.plist */ = {isa = PBXFileReference; lastKnownFileType = text.plist.xml; path = Info.plist; sourceTree = "<group>"; };
		F1B217D3293DCC8000295129 /* GoogleService-Info.plist */ = {isa = PBXFileReference; fileEncoding = 4; lastKnownFileType = text.plist.xml; path = "GoogleService-Info.plist"; sourceTree = "<group>"; };
/* End PBXFileReference section */

/* Begin PBXFrameworksBuildPhase section */
		F1B217B9293DC80E00295129 /* Frameworks */ = {
			isa = PBXFrameworksBuildPhase;
			buildActionMask = 2147483647;
			files = (
				F143B003293ED8D300F1C86E /* FirebaseDatabase in Frameworks */,
				F1A525DD293EB62C009C719A /* FirebaseAnalytics in Frameworks */,
				F1A525E1293EB62C009C719A /* FirebaseStorage in Frameworks */,
				F1A525DF293EB62C009C719A /* FirebaseAuth in Frameworks */,
				ECAC260EE46457F3FB0AEE8D /* Pods_FirebaseStudy.framework in Frameworks */,
			);
			runOnlyForDeploymentPostprocessing = 0;
		};
/* End PBXFrameworksBuildPhase section */

/* Begin PBXGroup section */
		394FC34EA67F7955535D6475 /* Pods */ = {
			isa = PBXGroup;
			children = (
				6D08E8D36F3B9200CD000ABD /* Pods-FirebaseStudy.debug.xcconfig */,
				E133020480BCDF3DAE9B4392 /* Pods-FirebaseStudy.release.xcconfig */,
			);
			path = Pods;
			sourceTree = "<group>";
		};
		C3F8C91801D3E74A447A46CB /* Frameworks */ = {
			isa = PBXGroup;
			children = (
				249745BCA4EFD64CD68F01AD /* Pods_FirebaseStudy.framework */,
			);
			name = Frameworks;
			sourceTree = "<group>";
		};
		F1B217B3293DC80E00295129 = {
			isa = PBXGroup;
			children = (
				F1B217BE293DC80E00295129 /* FirebaseStudy */,
				F1B217BD293DC80E00295129 /* Products */,
				394FC34EA67F7955535D6475 /* Pods */,
				C3F8C91801D3E74A447A46CB /* Frameworks */,
			);
			sourceTree = "<group>";
		};
		F1B217BD293DC80E00295129 /* Products */ = {
			isa = PBXGroup;
			children = (
				F1B217BC293DC80E00295129 /* FirebaseStudy.app */,
			);
			name = Products;
			sourceTree = "<group>";
		};
		F1B217BE293DC80E00295129 /* FirebaseStudy */ = {
			isa = PBXGroup;
			children = (
				F1B217D3293DCC8000295129 /* GoogleService-Info.plist */,
				F1B217BF293DC80E00295129 /* AppDelegate.swift */,
				F1B217C1293DC80E00295129 /* SceneDelegate.swift */,
				F143AFFF293ED10700F1C86E /* RealtimeDBViewController.swift */,
				F1B217C3293DC80E00295129 /* ViewController.swift */,
				F1B217C5293DC80E00295129 /* Main.storyboard */,
				F1B217C8293DC81100295129 /* Assets.xcassets */,
				F1B217CA293DC81100295129 /* LaunchScreen.storyboard */,
				F1B217CD293DC81100295129 /* Info.plist */,
				F143AFFD293ECFDC00F1C86E /* TabBarController.swift */,
			);
			path = FirebaseStudy;
			sourceTree = "<group>";
		};
/* End PBXGroup section */

/* Begin PBXNativeTarget section */
		F1B217BB293DC80E00295129 /* FirebaseStudy */ = {
			isa = PBXNativeTarget;
			buildConfigurationList = F1B217D0293DC81100295129 /* Build configuration list for PBXNativeTarget "FirebaseStudy" */;
			buildPhases = (
				C4BF4371CF1CA3220D435BEE /* [CP] Check Pods Manifest.lock */,
				F1B217B8293DC80E00295129 /* Sources */,
				F1B217B9293DC80E00295129 /* Frameworks */,
				F1B217BA293DC80E00295129 /* Resources */,
				2E45B1B6ED9CA37BD9003E6D /* [CP] Embed Pods Frameworks */,
			);
			buildRules = (
			);
			dependencies = (
			);
			name = FirebaseStudy;
			packageProductDependencies = (
				F1A525DC293EB62C009C719A /* FirebaseAnalytics */,
				F1A525DE293EB62C009C719A /* FirebaseAuth */,
				F1A525E0293EB62C009C719A /* FirebaseStorage */,
				F143B002293ED8D300F1C86E /* FirebaseDatabase */,
			);
			productName = FirebaseStudy;
			productReference = F1B217BC293DC80E00295129 /* FirebaseStudy.app */;
			productType = "com.apple.product-type.application";
		};
/* End PBXNativeTarget section */

/* Begin PBXProject section */
		F1B217B4293DC80E00295129 /* Project object */ = {
			isa = PBXProject;
			attributes = {
				BuildIndependentTargetsInParallel = 1;
				LastSwiftUpdateCheck = 1340;
				LastUpgradeCheck = 1340;
				TargetAttributes = {
					F1B217BB293DC80E00295129 = {
						CreatedOnToolsVersion = 13.4.1;
					};
				};
			};
			buildConfigurationList = F1B217B7293DC80E00295129 /* Build configuration list for PBXProject "FirebaseStudy" */;
			compatibilityVersion = "Xcode 13.0";
			developmentRegion = en;
			hasScannedForEncodings = 0;
			knownRegions = (
				en,
				Base,
			);
			mainGroup = F1B217B3293DC80E00295129;
			packageReferences = (
				F1A525DB293EB62C009C719A /* XCRemoteSwiftPackageReference "firebase-ios-sdk" */,
				F143B001293ED8D300F1C86E /* XCRemoteSwiftPackageReference "firebase-ios-sdk" */,
			);
			productRefGroup = F1B217BD293DC80E00295129 /* Products */;
			projectDirPath = "";
			projectRoot = "";
			targets = (
				F1B217BB293DC80E00295129 /* FirebaseStudy */,
			);
		};
/* End PBXProject section */

/* Begin PBXResourcesBuildPhase section */
		F1B217BA293DC80E00295129 /* Resources */ = {
			isa = PBXResourcesBuildPhase;
			buildActionMask = 2147483647;
			files = (
				F1B217CC293DC81100295129 /* LaunchScreen.storyboard in Resources */,
				F1B217D4293DCC8000295129 /* GoogleService-Info.plist in Resources */,
				F1B217C9293DC81100295129 /* Assets.xcassets in Resources */,
				F1B217C7293DC80E00295129 /* Main.storyboard in Resources */,
			);
			runOnlyForDeploymentPostprocessing = 0;
		};
/* End PBXResourcesBuildPhase section */

/* Begin PBXShellScriptBuildPhase section */
		2E45B1B6ED9CA37BD9003E6D /* [CP] Embed Pods Frameworks */ = {
			isa = PBXShellScriptBuildPhase;
			buildActionMask = 2147483647;
			files = (
			);
			inputFileListPaths = (
				"${PODS_ROOT}/Target Support Files/Pods-FirebaseStudy/Pods-FirebaseStudy-frameworks-${CONFIGURATION}-input-files.xcfilelist",
			);
			name = "[CP] Embed Pods Frameworks";
			outputFileListPaths = (
				"${PODS_ROOT}/Target Support Files/Pods-FirebaseStudy/Pods-FirebaseStudy-frameworks-${CONFIGURATION}-output-files.xcfilelist",
			);
			runOnlyForDeploymentPostprocessing = 0;
			shellPath = /bin/sh;
			shellScript = "\"${PODS_ROOT}/Target Support Files/Pods-FirebaseStudy/Pods-FirebaseStudy-frameworks.sh\"\n";
			showEnvVarsInLog = 0;
		};
		C4BF4371CF1CA3220D435BEE /* [CP] Check Pods Manifest.lock */ = {
			isa = PBXShellScriptBuildPhase;
			buildActionMask = 2147483647;
			files = (
			);
			inputFileListPaths = (
			);
			inputPaths = (
				"${PODS_PODFILE_DIR_PATH}/Podfile.lock",
				"${PODS_ROOT}/Manifest.lock",
			);
			name = "[CP] Check Pods Manifest.lock";
			outputFileListPaths = (
			);
			outputPaths = (
				"$(DERIVED_FILE_DIR)/Pods-FirebaseStudy-checkManifestLockResult.txt",
			);
			runOnlyForDeploymentPostprocessing = 0;
			shellPath = /bin/sh;
			shellScript = "diff \"${PODS_PODFILE_DIR_PATH}/Podfile.lock\" \"${PODS_ROOT}/Manifest.lock\" > /dev/null\nif [ $? != 0 ] ; then\n    # print error to STDERR\n    echo \"error: The sandbox is not in sync with the Podfile.lock. Run 'pod install' or update your CocoaPods installation.\" >&2\n    exit 1\nfi\n# This output is used by Xcode 'outputs' to avoid re-running this script phase.\necho \"SUCCESS\" > \"${SCRIPT_OUTPUT_FILE_0}\"\n";
			showEnvVarsInLog = 0;
		};
/* End PBXShellScriptBuildPhase section */

/* Begin PBXSourcesBuildPhase section */
		F1B217B8293DC80E00295129 /* Sources */ = {
			isa = PBXSourcesBuildPhase;
			buildActionMask = 2147483647;
			files = (
				F1B217C4293DC80E00295129 /* ViewController.swift in Sources */,
				F143B000293ED10700F1C86E /* RealtimeDBViewController.swift in Sources */,
				F143AFFE293ECFDC00F1C86E /* TabBarController.swift in Sources */,
				F1B217C0293DC80E00295129 /* AppDelegate.swift in Sources */,
				F1B217C2293DC80E00295129 /* SceneDelegate.swift in Sources */,
			);
			runOnlyForDeploymentPostprocessing = 0;
		};
/* End PBXSourcesBuildPhase section */

/* Begin PBXVariantGroup section */
		F1B217C5293DC80E00295129 /* Main.storyboard */ = {
			isa = PBXVariantGroup;
			children = (
				F1B217C6293DC80E00295129 /* Base */,
			);
			name = Main.storyboard;
			sourceTree = "<group>";
		};
		F1B217CA293DC81100295129 /* LaunchScreen.storyboard */ = {
			isa = PBXVariantGroup;
			children = (
				F1B217CB293DC81100295129 /* Base */,
			);
			name = LaunchScreen.storyboard;
			sourceTree = "<group>";
		};
/* End PBXVariantGroup section */

/* Begin XCBuildConfiguration section */
		F1B217CE293DC81100295129 /* Debug */ = {
			isa = XCBuildConfiguration;
			buildSettings = {
				ALWAYS_SEARCH_USER_PATHS = NO;
				CLANG_ANALYZER_NONNULL = YES;
				CLANG_ANALYZER_NUMBER_OBJECT_CONVERSION = YES_AGGRESSIVE;
				CLANG_CXX_LANGUAGE_STANDARD = "gnu++17";
				CLANG_ENABLE_MODULES = YES;
				CLANG_ENABLE_OBJC_ARC = YES;
				CLANG_ENABLE_OBJC_WEAK = YES;
				CLANG_WARN_BLOCK_CAPTURE_AUTORELEASING = YES;
				CLANG_WARN_BOOL_CONVERSION = YES;
				CLANG_WARN_COMMA = YES;
				CLANG_WARN_CONSTANT_CONVERSION = YES;
				CLANG_WARN_DEPRECATED_OBJC_IMPLEMENTATIONS = YES;
				CLANG_WARN_DIRECT_OBJC_ISA_USAGE = YES_ERROR;
				CLANG_WARN_DOCUMENTATION_COMMENTS = YES;
				CLANG_WARN_EMPTY_BODY = YES;
				CLANG_WARN_ENUM_CONVERSION = YES;
				CLANG_WARN_INFINITE_RECURSION = YES;
				CLANG_WARN_INT_CONVERSION = YES;
				CLANG_WARN_NON_LITERAL_NULL_CONVERSION = YES;
				CLANG_WARN_OBJC_IMPLICIT_RETAIN_SELF = YES;
				CLANG_WARN_OBJC_LITERAL_CONVERSION = YES;
				CLANG_WARN_OBJC_ROOT_CLASS = YES_ERROR;
				CLANG_WARN_QUOTED_INCLUDE_IN_FRAMEWORK_HEADER = YES;
				CLANG_WARN_RANGE_LOOP_ANALYSIS = YES;
				CLANG_WARN_STRICT_PROTOTYPES = YES;
				CLANG_WARN_SUSPICIOUS_MOVE = YES;
				CLANG_WARN_UNGUARDED_AVAILABILITY = YES_AGGRESSIVE;
				CLANG_WARN_UNREACHABLE_CODE = YES;
				CLANG_WARN__DUPLICATE_METHOD_MATCH = YES;
				COPY_PHASE_STRIP = NO;
				DEBUG_INFORMATION_FORMAT = dwarf;
				ENABLE_STRICT_OBJC_MSGSEND = YES;
				ENABLE_TESTABILITY = YES;
				GCC_C_LANGUAGE_STANDARD = gnu11;
				GCC_DYNAMIC_NO_PIC = NO;
				GCC_NO_COMMON_BLOCKS = YES;
				GCC_OPTIMIZATION_LEVEL = 0;
				GCC_PREPROCESSOR_DEFINITIONS = (
					"DEBUG=1",
					"$(inherited)",
				);
				GCC_WARN_64_TO_32_BIT_CONVERSION = YES;
				GCC_WARN_ABOUT_RETURN_TYPE = YES_ERROR;
				GCC_WARN_UNDECLARED_SELECTOR = YES;
				GCC_WARN_UNINITIALIZED_AUTOS = YES_AGGRESSIVE;
				GCC_WARN_UNUSED_FUNCTION = YES;
				GCC_WARN_UNUSED_VARIABLE = YES;
				IPHONEOS_DEPLOYMENT_TARGET = 15.5;
				MTL_ENABLE_DEBUG_INFO = INCLUDE_SOURCE;
				MTL_FAST_MATH = YES;
				ONLY_ACTIVE_ARCH = YES;
				SDKROOT = iphoneos;
				SWIFT_ACTIVE_COMPILATION_CONDITIONS = DEBUG;
				SWIFT_OPTIMIZATION_LEVEL = "-Onone";
			};
			name = Debug;
		};
		F1B217CF293DC81100295129 /* Release */ = {
			isa = XCBuildConfiguration;
			buildSettings = {
				ALWAYS_SEARCH_USER_PATHS = NO;
				CLANG_ANALYZER_NONNULL = YES;
				CLANG_ANALYZER_NUMBER_OBJECT_CONVERSION = YES_AGGRESSIVE;
				CLANG_CXX_LANGUAGE_STANDARD = "gnu++17";
				CLANG_ENABLE_MODULES = YES;
				CLANG_ENABLE_OBJC_ARC = YES;
				CLANG_ENABLE_OBJC_WEAK = YES;
				CLANG_WARN_BLOCK_CAPTURE_AUTORELEASING = YES;
				CLANG_WARN_BOOL_CONVERSION = YES;
				CLANG_WARN_COMMA = YES;
				CLANG_WARN_CONSTANT_CONVERSION = YES;
				CLANG_WARN_DEPRECATED_OBJC_IMPLEMENTATIONS = YES;
				CLANG_WARN_DIRECT_OBJC_ISA_USAGE = YES_ERROR;
				CLANG_WARN_DOCUMENTATION_COMMENTS = YES;
				CLANG_WARN_EMPTY_BODY = YES;
				CLANG_WARN_ENUM_CONVERSION = YES;
				CLANG_WARN_INFINITE_RECURSION = YES;
				CLANG_WARN_INT_CONVERSION = YES;
				CLANG_WARN_NON_LITERAL_NULL_CONVERSION = YES;
				CLANG_WARN_OBJC_IMPLICIT_RETAIN_SELF = YES;
				CLANG_WARN_OBJC_LITERAL_CONVERSION = YES;
				CLANG_WARN_OBJC_ROOT_CLASS = YES_ERROR;
				CLANG_WARN_QUOTED_INCLUDE_IN_FRAMEWORK_HEADER = YES;
				CLANG_WARN_RANGE_LOOP_ANALYSIS = YES;
				CLANG_WARN_STRICT_PROTOTYPES = YES;
				CLANG_WARN_SUSPICIOUS_MOVE = YES;
				CLANG_WARN_UNGUARDED_AVAILABILITY = YES_AGGRESSIVE;
				CLANG_WARN_UNREACHABLE_CODE = YES;
				CLANG_WARN__DUPLICATE_METHOD_MATCH = YES;
				COPY_PHASE_STRIP = NO;
				DEBUG_INFORMATION_FORMAT = "dwarf-with-dsym";
				ENABLE_NS_ASSERTIONS = NO;
				ENABLE_STRICT_OBJC_MSGSEND = YES;
				GCC_C_LANGUAGE_STANDARD = gnu11;
				GCC_NO_COMMON_BLOCKS = YES;
				GCC_WARN_64_TO_32_BIT_CONVERSION = YES;
				GCC_WARN_ABOUT_RETURN_TYPE = YES_ERROR;
				GCC_WARN_UNDECLARED_SELECTOR = YES;
				GCC_WARN_UNINITIALIZED_AUTOS = YES_AGGRESSIVE;
				GCC_WARN_UNUSED_FUNCTION = YES;
				GCC_WARN_UNUSED_VARIABLE = YES;
				IPHONEOS_DEPLOYMENT_TARGET = 15.5;
				MTL_ENABLE_DEBUG_INFO = NO;
				MTL_FAST_MATH = YES;
				SDKROOT = iphoneos;
				SWIFT_COMPILATION_MODE = wholemodule;
				SWIFT_OPTIMIZATION_LEVEL = "-O";
				VALIDATE_PRODUCT = YES;
			};
			name = Release;
		};
		F1B217D1293DC81100295129 /* Debug */ = {
			isa = XCBuildConfiguration;
			baseConfigurationReference = 6D08E8D36F3B9200CD000ABD /* Pods-FirebaseStudy.debug.xcconfig */;
			buildSettings = {
				ASSETCATALOG_COMPILER_APPICON_NAME = AppIcon;
				ASSETCATALOG_COMPILER_GLOBAL_ACCENT_COLOR_NAME = AccentColor;
				CODE_SIGN_STYLE = Automatic;
				CURRENT_PROJECT_VERSION = 1;
				GENERATE_INFOPLIST_FILE = YES;
				INFOPLIST_FILE = FirebaseStudy/Info.plist;
				INFOPLIST_KEY_UIApplicationSupportsIndirectInputEvents = YES;
				INFOPLIST_KEY_UILaunchStoryboardName = LaunchScreen;
				INFOPLIST_KEY_UIMainStoryboardFile = Main;
				INFOPLIST_KEY_UISupportedInterfaceOrientations_iPad = "UIInterfaceOrientationPortrait UIInterfaceOrientationPortraitUpsideDown UIInterfaceOrientationLandscapeLeft UIInterfaceOrientationLandscapeRight";
				INFOPLIST_KEY_UISupportedInterfaceOrientations_iPhone = "UIInterfaceOrientationPortrait UIInterfaceOrientationLandscapeLeft UIInterfaceOrientationLandscapeRight";
				LD_RUNPATH_SEARCH_PATHS = (
					"$(inherited)",
					"@executable_path/Frameworks",
				);
				MARKETING_VERSION = 1.0;
				PRODUCT_BUNDLE_IDENTIFIER = io.hiepchau.FirebaseStudy;
				PRODUCT_NAME = "$(TARGET_NAME)";
				SWIFT_EMIT_LOC_STRINGS = YES;
				SWIFT_VERSION = 5.0;
				TARGETED_DEVICE_FAMILY = "1,2";
			};
			name = Debug;
		};
		F1B217D2293DC81100295129 /* Release */ = {
			isa = XCBuildConfiguration;
			baseConfigurationReference = E133020480BCDF3DAE9B4392 /* Pods-FirebaseStudy.release.xcconfig */;
			buildSettings = {
				ASSETCATALOG_COMPILER_APPICON_NAME = AppIcon;
				ASSETCATALOG_COMPILER_GLOBAL_ACCENT_COLOR_NAME = AccentColor;
				CODE_SIGN_STYLE = Automatic;
				CURRENT_PROJECT_VERSION = 1;
				GENERATE_INFOPLIST_FILE = YES;
				INFOPLIST_FILE = FirebaseStudy/Info.plist;
				INFOPLIST_KEY_UIApplicationSupportsIndirectInputEvents = YES;
				INFOPLIST_KEY_UILaunchStoryboardName = LaunchScreen;
				INFOPLIST_KEY_UIMainStoryboardFile = Main;
				INFOPLIST_KEY_UISupportedInterfaceOrientations_iPad = "UIInterfaceOrientationPortrait UIInterfaceOrientationPortraitUpsideDown UIInterfaceOrientationLandscapeLeft UIInterfaceOrientationLandscapeRight";
				INFOPLIST_KEY_UISupportedInterfaceOrientations_iPhone = "UIInterfaceOrientationPortrait UIInterfaceOrientationLandscapeLeft UIInterfaceOrientationLandscapeRight";
				LD_RUNPATH_SEARCH_PATHS = (
					"$(inherited)",
					"@executable_path/Frameworks",
				);
				MARKETING_VERSION = 1.0;
				PRODUCT_BUNDLE_IDENTIFIER = io.hiepchau.FirebaseStudy;
				PRODUCT_NAME = "$(TARGET_NAME)";
				SWIFT_EMIT_LOC_STRINGS = YES;
				SWIFT_VERSION = 5.0;
				TARGETED_DEVICE_FAMILY = "1,2";
			};
			name = Release;
		};
/* End XCBuildConfiguration section */

/* Begin XCConfigurationList section */
		F1B217B7293DC80E00295129 /* Build configuration list for PBXProject "FirebaseStudy" */ = {
			isa = XCConfigurationList;
			buildConfigurations = (
				F1B217CE293DC81100295129 /* Debug */,
				F1B217CF293DC81100295129 /* Release */,
			);
			defaultConfigurationIsVisible = 0;
			defaultConfigurationName = Release;
		};
		F1B217D0293DC81100295129 /* Build configuration list for PBXNativeTarget "FirebaseStudy" */ = {
			isa = XCConfigurationList;
			buildConfigurations = (
				F1B217D1293DC81100295129 /* Debug */,
				F1B217D2293DC81100295129 /* Release */,
			);
			defaultConfigurationIsVisible = 0;
			defaultConfigurationName = Release;
		};
/* End XCConfigurationList section */

/* Begin XCRemoteSwiftPackageReference section */
		F143B001293ED8D300F1C86E /* XCRemoteSwiftPackageReference "firebase-ios-sdk" */ = {
			isa = XCRemoteSwiftPackageReference;
			repositoryURL = "https://github.com/firebase/firebase-ios-sdk";
			requirement = {
				branch = master;
				kind = branch;
			};
		};
		F1A525DB293EB62C009C719A /* XCRemoteSwiftPackageReference "firebase-ios-sdk" */ = {
			isa = XCRemoteSwiftPackageReference;
			repositoryURL = "https://github.com/firebase/firebase-ios-sdk";
			requirement = {
				branch = master;
				kind = branch;
			};
		};
/* End XCRemoteSwiftPackageReference section */

/* Begin XCSwiftPackageProductDependency section */
		F143B002293ED8D300F1C86E /* FirebaseDatabase */ = {
			isa = XCSwiftPackageProductDependency;
			package = F1A525DB293EB62C009C719A /* XCRemoteSwiftPackageReference "firebase-ios-sdk" */;
			productName = FirebaseDatabase;
		};
		F1A525DC293EB62C009C719A /* FirebaseAnalytics */ = {
			isa = XCSwiftPackageProductDependency;
			package = F1A525DB293EB62C009C719A /* XCRemoteSwiftPackageReference "firebase-ios-sdk" */;
			productName = FirebaseAnalytics;
		};
		F1A525DE293EB62C009C719A /* FirebaseAuth */ = {
			isa = XCSwiftPackageProductDependency;
			package = F1A525DB293EB62C009C719A /* XCRemoteSwiftPackageReference "firebase-ios-sdk" */;
			productName = FirebaseAuth;
		};
		F1A525E0293EB62C009C719A /* FirebaseStorage */ = {
			isa = XCSwiftPackageProductDependency;
			package = F1A525DB293EB62C009C719A /* XCRemoteSwiftPackageReference "firebase-ios-sdk" */;
			productName = FirebaseStorage;
		};
/* End XCSwiftPackageProductDependency section */
	};
	rootObject = F1B217B4293DC80E00295129 /* Project object */;
}
